#MicroXplorer Configuration settings - do not modify
BootLoader.IPs=BSEC,DDR\:I,ETZPC,PWR,RCC,TAMP,SDMMC1,SDMMC2
BootROM.IPs=BSEC\:I,ETZPC\:I,PWR\:I,RCC\:I,TAMP\:I,SDMMC1,SDMMC2
CAD.formats=
CAD.pinconfig=
CAD.provider=
CortexA7NS.IPs=BSEC,DDR,DMA,ETZPC,GIC,GPIO,RCC,RTC,TAMP,TIM5\:I,ETH1\:I,SDMMC1\:I,SDMMC2\:I
CortexA7S.IPs=BSEC,DDR,DMA\:I,ETZPC,GIC\:I,GPIO,PWR,RCC,RTC\:I,TAMP
DDR.ADDRMAP6=0x0F0F0707
DDR.CL=6
DDR.CWL=5
DDR.DDR_Frequency=400.0
DDR.DRAMTMG0=0x0F141B0F
DDR.DRAMTMG1=0x000A0415
DDR.DRAMTMG2=0x0506080E
DDR.DRAMTMG4=0x06040406
DDR.DRAMTMG5=0x05050403
DDR.DTPR0=0x2A8F66D0
DDR.DTPR1=0x096800A0
DDR.DTPR2=0x10022A00
DDR.IPParameters=DDR_Frequency,RL,addrmap_col_b10,addrmap_col_b11,addrmap_bank_b0,addrmap_bank_b1,addrmap_bank_b2,addrmap_row_b0,addrmap_row_b1,addrmap_row_b2_10,addrmap_row_b11,addrmap_row_b12,addrmap_row_b13,addrmap_row_b14,addrmap_row_b15,RFSHTMG,DRAMTMG0,SCHED,ADDRMAP6,PTR0,PTR1,PTR2,DTPR1,DRAMTMG1,DRAMTMG4,DRAMTMG5,DTPR0,DTPR2,MR0,CL,CWL,WL,DRAMTMG2,MR2
DDR.MR0=0x00000420
DDR.MR2=0x00000200
DDR.PTR0=0x00220014
DDR.PTR1=0x03630D40
DDR.PTR2=0x042D3880
DDR.RFSHTMG=0x00610068
DDR.RL=6
DDR.SCHED=0x00000F01
DDR.WL=5
DDR.addrmap_bank_b0=8
DDR.addrmap_bank_b1=8
DDR.addrmap_bank_b2=8
DDR.addrmap_col_b10=31
DDR.addrmap_col_b11=31
DDR.addrmap_row_b0=7
DDR.addrmap_row_b1=7
DDR.addrmap_row_b11=7
DDR.addrmap_row_b12=7
DDR.addrmap_row_b13=7
DDR.addrmap_row_b14=15
DDR.addrmap_row_b15=15
DDR.addrmap_row_b2_10=7
DDR_A0.Mode=DDR3
DDR_A0.Signal=DDR_A0
DDR_A1.Mode=DDR3
DDR_A1.Signal=DDR_A1
DDR_A10.Mode=DDR3
DDR_A10.Signal=DDR_A10
DDR_A11.Mode=DDR3
DDR_A11.Signal=DDR_A11
DDR_A12.Mode=2Gb_16bits
DDR_A12.Signal=DDR_A12
DDR_A13.Mode=2Gb_16bits
DDR_A13.Signal=DDR_A13
DDR_A2.Mode=DDR3
DDR_A2.Signal=DDR_A2
DDR_A3.Mode=DDR3
DDR_A3.Signal=DDR_A3
DDR_A4.Mode=DDR3
DDR_A4.Signal=DDR_A4
DDR_A5.Mode=DDR3
DDR_A5.Signal=DDR_A5
DDR_A6.Mode=DDR3
DDR_A6.Signal=DDR_A6
DDR_A7.Mode=DDR3
DDR_A7.Signal=DDR_A7
DDR_A8.Mode=DDR3
DDR_A8.Signal=DDR_A8
DDR_A9.Mode=DDR3
DDR_A9.Signal=DDR_A9
DDR_ATO.Mode=DDR3
DDR_ATO.Signal=DDR_ATO
DDR_BA0.Mode=DDR3
DDR_BA0.Signal=DDR_BA0
DDR_BA1.Mode=DDR3
DDR_BA1.Signal=DDR_BA1
DDR_BA2.Mode=DDR3
DDR_BA2.Signal=DDR_BA2
DDR_CASN.Mode=DDR3
DDR_CASN.Signal=DDR_CASN
DDR_CKE.Mode=DDR3
DDR_CKE.Signal=DDR_CKE
DDR_CLKN.Mode=DDR3
DDR_CLKN.Signal=DDR_CLKN
DDR_CLKP.Mode=DDR3
DDR_CLKP.Signal=DDR_CLKP
DDR_CSN.Mode=DDR3
DDR_CSN.Signal=DDR_CSN
DDR_DQ0.Mode=DDR3
DDR_DQ0.Signal=DDR_DQ0
DDR_DQ1.Mode=DDR3
DDR_DQ1.Signal=DDR_DQ1
DDR_DQ10.Mode=DDR3
DDR_DQ10.Signal=DDR_DQ10
DDR_DQ11.Mode=DDR3
DDR_DQ11.Signal=DDR_DQ11
DDR_DQ12.Mode=DDR3
DDR_DQ12.Signal=DDR_DQ12
DDR_DQ13.Mode=DDR3
DDR_DQ13.Signal=DDR_DQ13
DDR_DQ14.Mode=DDR3
DDR_DQ14.Signal=DDR_DQ14
DDR_DQ15.Mode=DDR3
DDR_DQ15.Signal=DDR_DQ15
DDR_DQ2.Mode=DDR3
DDR_DQ2.Signal=DDR_DQ2
DDR_DQ3.Mode=DDR3
DDR_DQ3.Signal=DDR_DQ3
DDR_DQ4.Mode=DDR3
DDR_DQ4.Signal=DDR_DQ4
DDR_DQ5.Mode=DDR3
DDR_DQ5.Signal=DDR_DQ5
DDR_DQ6.Mode=DDR3
DDR_DQ6.Signal=DDR_DQ6
DDR_DQ7.Mode=DDR3
DDR_DQ7.Signal=DDR_DQ7
DDR_DQ8.Mode=DDR3
DDR_DQ8.Signal=DDR_DQ8
DDR_DQ9.Mode=DDR3
DDR_DQ9.Signal=DDR_DQ9
DDR_DQM0.Mode=DDR3
DDR_DQM0.Signal=DDR_DQM0
DDR_DQM1.Mode=DDR3
DDR_DQM1.Signal=DDR_DQM1
DDR_DQS0N.Mode=DDR3
DDR_DQS0N.Signal=DDR_DQS0N
DDR_DQS0P.Mode=DDR3
DDR_DQS0P.Signal=DDR_DQS0P
DDR_DQS1N.Mode=DDR3
DDR_DQS1N.Signal=DDR_DQS1N
DDR_DQS1P.Mode=DDR3
DDR_DQS1P.Signal=DDR_DQS1P
DDR_DTO0.Mode=DDR3
DDR_DTO0.Signal=DDR_DTO0
DDR_DTO1.Mode=DDR3
DDR_DTO1.Signal=DDR_DTO1
DDR_ODT.Mode=DDR3
DDR_ODT.Signal=DDR_ODT
DDR_RASN.Mode=DDR3
DDR_RASN.Signal=DDR_RASN
DDR_RESETN.Mode=DDR3
DDR_RESETN.Signal=DDR_RESETN
DDR_VREF.Mode=DDR3
DDR_VREF.Signal=DDR_VREF
DDR_WEN.Mode=DDR3
DDR_WEN.Signal=DDR_WEN
DDR_ZQ.Mode=DDR3
DDR_ZQ.Signal=DDR_ZQ
File.Version=6
GIC.DMA1_Stream0_IRQn=true\:false\:High level
GIC.DMA1_Stream1_IRQn=true\:false\:High level
GIC.DMA1_Stream2_IRQn=true\:false\:High level
GIC.DMA1_Stream3_IRQn=true\:false\:High level
GIC.DMA1_Stream4_IRQn=true\:false\:High level
GIC.DMA1_Stream5_IRQn=true\:false\:High level
GIC.DMA1_Stream6_IRQn=true\:false\:High level
GIC.DMA1_Stream7_IRQn=true\:false\:High level
GIC.DMA2_Stream0_IRQn=true\:false\:High level
GIC.DMA2_Stream1_IRQn=true\:false\:High level
GIC.DMA2_Stream2_IRQn=true\:false\:High level
GIC.DMA2_Stream3_IRQn=true\:false\:High level
GIC.DMA2_Stream4_IRQn=true\:false\:High level
GIC.DMA2_Stream5_IRQn=true\:false\:High level
GIC.DMA2_Stream6_IRQn=true\:false\:High level
GIC.DMA2_Stream7_IRQn=true\:false\:High level
GIC.ETH1_IRQn=true\:false\:High level
GIC.MDMA_IRQn=true\:false\:High level
GIC.RCC_IRQn=true\:false\:High level
GIC.RCC_WAKEUP_IRQn=true\:false\:High level
GIC.SDMMC1_IRQn=true\:false\:High level
GIC.SDMMC2_IRQn=true\:false\:High level
KeepUserPlacement=false
Mcu.CPN=STM32MP135DAE7
Mcu.Context0=BootROM
Mcu.Context1=BootLoader
Mcu.Context2=CortexA7S
Mcu.Context3=CortexA7NS
Mcu.ContextNb=4
Mcu.Family=STM32MP1
Mcu.IP0=DDR
Mcu.IP1=ETH1
Mcu.IP2=GIC
Mcu.IP3=RCC
Mcu.IP4=SDMMC1
Mcu.IP5=SDMMC2
Mcu.IPNb=6
Mcu.Name=STM32MP135DAEx
Mcu.Package=LFBGA289
Mcu.Pin0=PB14
Mcu.Pin1=PG6
Mcu.Pin10=DDR_DQS0N
Mcu.Pin11=DDR_DQS0P
Mcu.Pin12=PE3
Mcu.Pin13=PC8
Mcu.Pin14=DDR_DQM0
Mcu.Pin15=DDR_DQ5
Mcu.Pin16=DDR_DQ3
Mcu.Pin17=DDR_DQ2
Mcu.Pin18=DDR_DQ6
Mcu.Pin19=DDR_DQ7
Mcu.Pin2=PD2
Mcu.Pin20=DDR_A5
Mcu.Pin21=DDR_RESETN
Mcu.Pin22=DDR_A13
Mcu.Pin23=DDR_A9
Mcu.Pin24=DDR_A2
Mcu.Pin25=DDR_BA2
Mcu.Pin26=DDR_A7
Mcu.Pin27=DDR_A3
Mcu.Pin28=DDR_A0
Mcu.Pin29=DDR_BA0
Mcu.Pin3=PC9
Mcu.Pin30=DDR_WEN
Mcu.Pin31=DDR_ODT
Mcu.Pin32=DDR_CSN
Mcu.Pin33=DDR_RASN
Mcu.Pin34=DDR_A10
Mcu.Pin35=DDR_CASN
Mcu.Pin36=DDR_CLKP
Mcu.Pin37=DDR_CLKN
Mcu.Pin38=DDR_A11
Mcu.Pin39=DDR_CKE
Mcu.Pin4=PC10
Mcu.Pin40=DDR_A1
Mcu.Pin41=DDR_A12
Mcu.Pin42=PH6
Mcu.Pin43=DDR_ATO
Mcu.Pin44=DDR_DTO0
Mcu.Pin45=DDR_A8
Mcu.Pin46=DDR_BA1
Mcu.Pin47=DDR_VREF
Mcu.Pin48=DDR_A4
Mcu.Pin49=DDR_DTO1
Mcu.Pin5=PC12
Mcu.Pin50=DDR_A6
Mcu.Pin51=PB11
Mcu.Pin52=PA3
Mcu.Pin53=DDR_DQM1
Mcu.Pin54=DDR_DQ10
Mcu.Pin55=DDR_DQ8
Mcu.Pin56=DDR_ZQ
Mcu.Pin57=PA2
Mcu.Pin58=PG13
Mcu.Pin59=PG14
Mcu.Pin6=DDR_DQ4
Mcu.Pin60=DDR_DQ11
Mcu.Pin61=DDR_DQ13
Mcu.Pin62=DDR_DQ9
Mcu.Pin63=PG2
Mcu.Pin64=PA1
Mcu.Pin65=PC5
Mcu.Pin66=DDR_DQ12
Mcu.Pin67=DDR_DQS1N
Mcu.Pin68=DDR_DQS1P
Mcu.Pin69=PC3
Mcu.Pin7=DDR_DQ0
Mcu.Pin70=PB1
Mcu.Pin71=PE5
Mcu.Pin72=DDR_DQ15
Mcu.Pin73=DDR_DQ14
Mcu.Pin74=PA7
Mcu.Pin75=PA0
Mcu.Pin76=PC4
Mcu.Pin77=PB0
Mcu.Pin78=PC2
Mcu.Pin79=VP_DDR_DDR3
Mcu.Pin8=PC11
Mcu.Pin80=VP_DDR_DDR_16_bits
Mcu.Pin81=VP_DDR_DDR3_16_2Gb
Mcu.Pin82=VP_DMA_VS_DMA1_A7NS
Mcu.Pin83=VP_DMA_VS_DMA2_A7NS
Mcu.Pin84=VP_DMA_VS_DMA3_A7S
Mcu.Pin85=VP_MDMA_VS_MDMA_A7NS_5
Mcu.Pin9=DDR_DQ1
Mcu.PinsNb=86
Mcu.ThirdPartyNb=0
Mcu.UserConstants=
Mcu.UserName=STM32MP135DAEx
MxCube.Version=6.7.0
MxDb.Version=DB.6.0.70
PA0.Locked=true
PA0.Mode=MII (Media Independent Interface)
PA0.Signal=ETH1_CRS
PA1.Locked=true
PA1.Mode=MII (Media Independent Interface)
PA1.Signal=ETH1_RX_CLK
PA2.Locked=true
PA2.Mode=MII (Media Independent Interface)
PA2.Signal=ETH1_MDIO
PA3.Mode=MII (Media Independent Interface)
PA3.Signal=ETH1_COL
PA7.Mode=MII (Media Independent Interface)
PA7.Signal=ETH1_RX_DV
PB0.Mode=MII (Media Independent Interface)
PB0.Signal=ETH1_RXD2
PB1.Mode=MII (Media Independent Interface)
PB1.Signal=ETH1_RXD3
PB11.Mode=MII (Media Independent Interface)
PB11.Signal=ETH1_TX_EN
PB14.Mode=SD_1_bit
PB14.Signal=SDMMC2_D0
PC10.Mode=SD_4_bits_Wide_bus
PC10.Signal=SDMMC1_D2
PC11.Mode=SD_4_bits_Wide_bus
PC11.Signal=SDMMC1_D3
PC12.Mode=SD_4_bits_Wide_bus
PC12.Signal=SDMMC1_CK
PC2.Mode=MII (Media Independent Interface)
PC2.Signal=ETH1_TXD2
PC3.Locked=true
PC3.Mode=MII (Media Independent Interface)
PC3.Signal=ETH1_TX_CLK
PC4.Mode=MII (Media Independent Interface)
PC4.Signal=ETH1_RXD0
PC5.Mode=MII (Media Independent Interface)
PC5.Signal=ETH1_RXD1
PC8.Mode=SD_4_bits_Wide_bus
PC8.Signal=SDMMC1_D0
PC9.Mode=SD_4_bits_Wide_bus
PC9.Signal=SDMMC1_D1
PD2.Mode=SD_4_bits_Wide_bus
PD2.Signal=SDMMC1_CMD
PE3.Mode=SD_1_bit
PE3.Signal=SDMMC2_CK
PE5.Mode=MII (Media Independent Interface)
PE5.Signal=ETH1_TXD3
PG13.Mode=MII (Media Independent Interface)
PG13.Signal=ETH1_TXD0
PG14.Mode=MII (Media Independent Interface)
PG14.Signal=ETH1_TXD1
PG2.Mode=MII (Media Independent Interface)
PG2.Signal=ETH1_MDC
PG6.Mode=SD_1_bit
PG6.Signal=SDMMC2_CMD
PH6.Locked=true
PH6.Mode=MII (Media Independent Interface)
PH6.Signal=ETH1_RX_ER
PinOutPanel.CurrentBGAView=Top
PinOutPanel.RotationAngle=0
ProjectManager.AskForMigrate=true
ProjectManager.BackupPrevious=false
ProjectManager.CompilerOptimize=6
ProjectManager.ComputerToolchain=false
ProjectManager.CoupleFile=false
ProjectManager.CustomerFirmwarePackage=
ProjectManager.DefaultFWLocation=true
ProjectManager.DeletePrevious=true
ProjectManager.DeviceId=STM32MP135DAEx
ProjectManager.DeviceTreeLocation=D\:\\github-stuff\\MPU_test_boards\\STM\\STM32MP1\\SW\\DeviceTree\\
ProjectManager.FirmwarePackage=STM32Cube FW_MP1 V1.6.0
ProjectManager.FreePins=false
ProjectManager.HalAssertFull=false
ProjectManager.HeapSize=0x200
ProjectManager.KeepUserCode=true
ProjectManager.LastFirmware=true
ProjectManager.LibraryCopy=1
ProjectManager.MainLocation=Core/Src
ProjectManager.NoMain=false
ProjectManager.PreviousToolchain=
ProjectManager.ProjectBuild=false
ProjectManager.ProjectFileName=MPU_test1.ioc
ProjectManager.ProjectName=MPU_test1
ProjectManager.RegisterCallBack=
ProjectManager.StackSize=0x400
ProjectManager.TargetToolchain=STM32CubeIDE
ProjectManager.ToolChainLocation=
ProjectManager.UnderRoot=true
ProjectManager.functionlistsort=
RCC.ADC1Freq_Value=400000000
RCC.ADC2Freq_Value=400000000
RCC.AHB124Freq_Value=64000000
RCC.APB1Freq_Value=64000000
RCC.APB2Freq_Value=64000000
RCC.APB3Freq_Value=64000000
RCC.APB4Freq_Value=64000000
RCC.APB5DIVClockFreq_Value=64000000
RCC.APB6Freq_Value=64000000
RCC.AXICLKFreq_VALUE=64000000
RCC.AXIDIVFreq_Value=64000000
RCC.CKPERCLKFreq_VALUE=64000000
RCC.CSI_VALUE=4000000
RCC.DACCLKFreq_VALUE=32000
RCC.DCMIFreq_Value=64000000
RCC.DDRCFreq_Value=400000000
RCC.DDRPERFMFreq_Value=400000000
RCC.DDRPHYFreq_Value=400000000
RCC.DFSDFAFreq_Value=400000000
RCC.DFSDMFreq_Value=64000000
RCC.DIVM2=4
RCC.DIVM4=4
RCC.DIVN2=25
RCC.DIVN4=25
RCC.DIVP1Freq_Value=1600000000
RCC.DIVP2Freq_Value=200000000
RCC.DIVP3Freq_Value=800000000
RCC.DIVP4=4
RCC.DIVP4Freq_Value=100000000
RCC.DIVQ1Freq_Value=800000000
RCC.DIVQ2Freq_Value=200000000
RCC.DIVQ3Freq_Value=800000000
RCC.DIVQ4Freq_Value=400000000
RCC.DIVR1Freq_Value=800000000
RCC.DIVR2=1
RCC.DIVR2Freq_Value=400000000
RCC.DIVR3Freq_Value=800000000
RCC.DIVR4Freq_Value=400000000
RCC.ETH2Freq_Value=100000000
RCC.ETHFreq_Value=100000000
RCC.FDCANFreq_Value=24000000
RCC.FMCFreq_Value=64000000
RCC.FamilyName=M
RCC.HSE_VALUE=24000000
RCC.HSIDivClkFreq_Value=64000000
RCC.HSI_VALUE=64000000
RCC.Hclk5DIVFreq_Value=64000000
RCC.Hclk6DIVFreq_Value=64000000
RCC.I2C12Freq_Value=64000000
RCC.I2C3Freq_Value=64000000
RCC.I2C4Freq_Value=64000000
RCC.I2C5Freq_Value=64000000
RCC.IPParameters=ADC1Freq_Value,ADC2Freq_Value,AHB124Freq_Value,APB1Freq_Value,APB2Freq_Value,APB3Freq_Value,APB4Freq_Value,APB5DIVClockFreq_Value,APB6Freq_Value,AXICLKFreq_VALUE,AXIDIVFreq_Value,CKPERCLKFreq_VALUE,CSI_VALUE,DACCLKFreq_VALUE,DCMIFreq_Value,DDRCFreq_Value,DDRPERFMFreq_Value,DDRPHYFreq_Value,DFSDFAFreq_Value,DFSDMFreq_Value,DIVM2,DIVM4,DIVN2,DIVN4,DIVP1Freq_Value,DIVP2Freq_Value,DIVP3Freq_Value,DIVP4,DIVP4Freq_Value,DIVQ1Freq_Value,DIVQ2Freq_Value,DIVQ3Freq_Value,DIVQ4Freq_Value,DIVR1Freq_Value,DIVR2,DIVR2Freq_Value,DIVR3Freq_Value,DIVR4Freq_Value,ETH2Freq_Value,ETHFreq_Value,FDCANFreq_Value,FMCFreq_Value,FamilyName,HSE_VALUE,HSIDivClkFreq_Value,HSI_VALUE,Hclk5DIVFreq_Value,Hclk6DIVFreq_Value,I2C12Freq_Value,I2C3Freq_Value,I2C4Freq_Value,I2C5Freq_Value,LPTIM1Freq_Value,LPTIM2Freq_Value,LPTIM3Freq_Value,LPTIM45Freq_Value,LSE_VALUE,LSI_VALUE,LTDCFreq_Value,MCO1PinFreq_Value,MCO2PinFreq_Value,MLAHBCLKFreq_VALUE,MLAHBDIVCLKFreq_Value,MPUCLKFreq_VALUE,PLL2FRACV,PLL4FRACV,PUBLFreq_Value,QSPIFreq_Value,RNG1Freq_Value,RTCFreq_Value,SAI1Freq_Value,SAI2Freq_Value,SDMMC1Freq_Value,SDMMC2Freq_Value,SPDIFRXFreq_Value,SPI1Freq_Value,SPI23Freq_Value,SPI4Freq_Value,SPI5Freq_Value,STGENFreq_Value,SYSCLKFreq_VALUE,Tim1OutputFreq_Value,Tim2OutputFreq_Value,Tim3OutputFreq_Value,UART78Freq_Value,USART1Freq_Value,USART2Freq_Value,USART35Freq_Value,USART4Freq_Value,USART6Freq_Value,USBOHSFreq_Value,USBPHYFreq_Value,VCO1OutputFreq_Value,VCO2OutputFreq_Value,VCO3OutputFreq_Value,VCO4OutputFreq_Value,VCOInput1Freq_Value,VCOInput2Freq_Value,VCOInput3Freq_Value,VCOInput4Freq_Value
RCC.LPTIM1Freq_Value=64000000
RCC.LPTIM2Freq_Value=64000000
RCC.LPTIM3Freq_Value=64000000
RCC.LPTIM45Freq_Value=64000000
RCC.LSE_VALUE=32768
RCC.LSI_VALUE=32000
RCC.LTDCFreq_Value=400000000
RCC.MCO1PinFreq_Value=64000000
RCC.MCO2PinFreq_Value=64000000
RCC.MLAHBCLKFreq_VALUE=64000000
RCC.MLAHBDIVCLKFreq_Value=64000000
RCC.MPUCLKFreq_VALUE=64000000
RCC.PLL2FRACV=0
RCC.PLL4FRACV=0
RCC.PUBLFreq_Value=400000000
RCC.QSPIFreq_Value=64000000
RCC.RNG1Freq_Value=4000000
RCC.RTCFreq_Value=32000
RCC.SAI1Freq_Value=400000000
RCC.SAI2Freq_Value=400000000
RCC.SDMMC1Freq_Value=64000000
RCC.SDMMC2Freq_Value=64000000
RCC.SPDIFRXFreq_Value=100000000
RCC.SPI1Freq_Value=100000000
RCC.SPI23Freq_Value=100000000
RCC.SPI4Freq_Value=64000000
RCC.SPI5Freq_Value=64000000
RCC.STGENFreq_Value=64000000
RCC.SYSCLKFreq_VALUE=64000000
RCC.Tim1OutputFreq_Value=64000000
RCC.Tim2OutputFreq_Value=64000000
RCC.Tim3OutputFreq_Value=64000000
RCC.UART78Freq_Value=64000000
RCC.USART1Freq_Value=64000000
RCC.USART2Freq_Value=64000000
RCC.USART35Freq_Value=64000000
RCC.USART4Freq_Value=64000000
RCC.USART6Freq_Value=64000000
RCC.USBOHSFreq_Value=400000000
RCC.USBPHYFreq_Value=400000000
RCC.VCO1OutputFreq_Value=3200000000
RCC.VCO2OutputFreq_Value=800000000
RCC.VCO3OutputFreq_Value=1600000000
RCC.VCO4OutputFreq_Value=400000000
RCC.VCOInput1Freq_Value=32000000
RCC.VCOInput2Freq_Value=16000000
RCC.VCOInput3Freq_Value=32000000
RCC.VCOInput4Freq_Value=16000000
VP_DDR_DDR3.Mode=DDR3
VP_DDR_DDR3.Signal=DDR_DDR3
VP_DDR_DDR3_16_2Gb.Mode=2Gb_16bits
VP_DDR_DDR3_16_2Gb.Signal=DDR_DDR3_16_2Gb
VP_DDR_DDR_16_bits.Mode=16bits
VP_DDR_DDR_16_bits.Signal=DDR_DDR_16_bits
VP_DMA_VS_DMA1_A7NS.Mode=CortexA7NS
VP_DMA_VS_DMA1_A7NS.Signal=DMA_VS_DMA1_A7NS
VP_DMA_VS_DMA2_A7NS.Mode=CortexA7NS
VP_DMA_VS_DMA2_A7NS.Signal=DMA_VS_DMA2_A7NS
VP_DMA_VS_DMA3_A7S.Mode=CortexA7S
VP_DMA_VS_DMA3_A7S.Signal=DMA_VS_DMA3_A7S
VP_MDMA_VS_MDMA_A7NS_5.Mode=5\:5
VP_MDMA_VS_MDMA_A7NS_5.Signal=MDMA_VS_MDMA_A7NS_5
board=custom
isbadioc=false
